github.com/bgentry/speakeasy v0.1.0/go.mod h1:+zsyZBPWlz7T6j88CTgSN5bM796AkVf0kBD4zp0CCIs=
github.com/davecgh/go-spew v1.1.0 h1:ZDRjVQ15GmhC3fiQ8ni8+OwkZQO4DARzQgrnXU1Liz8=
github.com/davecgh/go-spew v1.1.0/go.mod h1:J7Y8YcW2NihsgmVo/mv3lAwl/skON4iLHjSsI+c5H38=
github.com/pmezard/go-difflib v1.0.0 h1:4DBwDE0NGyQoBHbLQYPwSUPoCMWR5BEzIk/f1lZbAQM=
github.com/pmezard/go-difflib v1.0.0/go.mod h1:iKH77koFhYxTK1pcRnkKkqfTogsbg7gZNVY4sRDYZ/4=
github.com/stretchr/objx v0.1.0/go.mod h1:HFkY916IF+rwdDfMAkV7OtwuqBVzrE8GR6GFx+wExME=
github.com/stretchr/testify v1.5.1 h1:nOGnQDM7FYENwehXlg/kFVnos3rEvtKTjRvOWSzb6H4=
github.com/stretchr/testify v1.5.1/go.mod h1:5W2xD1RspED5o8YsWQXVCued0rvSQ+mT+I5cxcmMvtA=
github.com/wondenge/kamili v0.0.0-20200418182556-56d71847190b h1:1jYpYSRIUCjaXq6qIGqCndVenlqA+jy+kpnMVXn7PAM=
github.com/wondenge/kamili v0.0.0-20200418182556-56d71847190b/go.mod h1:AbazT3lKYTdvSJ3JvwmpLq3d3lAQaXgT7PjKkJpO838=
github.com/wondenge/kitambulisho v0.0.0-20200418205332-658e1ad3e7c9/go.mod h1:YH2cW55+pg/TySM6A9RO9HHmhLZPYUw85SUXEZitHZw=
github.com/wondenge/kosa v0.0.0-20200418113644-85b4aa8a8497 h1:W7waun7BE5DlH1zSvKX0fHdTcSZSRafvLY/FPTDRWPI=
github.com/wondenge/kosa v0.0.0-20200418113644-85b4aa8a8497/go.mod h1:8Bs+EP918D+KZRbpHI6K+E116ePIWRvxuFM71BoYDPw=
github.com/wondenge/makosa-mengi v0.0.0-20200418180528-14d31303e1ee h1:md89C9j7EjyYD37XpIxhTUamXoKp7ONbLPuzMoGRQQg=
github.com/wondenge/makosa-mengi v0.0.0-20200418180528-14d31303e1ee/go.mod h1:WH8YsN4/s5GIfGrgk2DLhgwlR8lm/gAfHDP5CR29CDU=
github.com/wondenge/msingi v0.0.0-20200418205850-f3f788a8403e h1:L8gb45fHEQG7B2LabWnHqGAlCa1/KiFsWj2PDti9aLE=
github.com/wondenge/msingi v0.0.0-20200418205850-f3f788a8403e/go.mod h1:pEm2V0lGN1eXqnYwr8K65IiV3MMYQghI0pdrNeBWi/8=
github.com/wondenge/rangi v0.0.0-20200418201933-7446cafc54b9 h1:BhjCDy6yJ7oZGA0xEgEvlZQ0vHDopI4cfc9h6I8Ycho=
github.com/wondenge/rangi v0.0.0-20200418201933-7446cafc54b9/go.mod h1:sMimSIaA87zQsjoc5qGInqwwesaW8edWr/LPV6iswQQ=
github.com/wondenge/uzungumzaji v0.0.0-20200418193008-9a8fc747cf8c h1:NMNtFH9xK24yLilT24XiDE5Z1qAh6AkF1cRRFsTdVMk=
github.com/wondenge/uzungumzaji v0.0.0-20200418193008-9a8fc747cf8c/go.mod h1:DK1WazEz8PbhGSPp0zF/d7GMskIoAjH4yiL4gjl+Dts=
golang.org/x/sys v0.0.0-20200413165638-669c56c373c4 h1:opSr2sbRXk5X5/givKrrKj9HXxFpW2sdCiP8MJSKLQY=
golang.org/x/sys v0.0.0-20200413165638-669c56c373c4/go.mod h1:h1NjWce9XRLGQEsW7wpKNCjG9DtNlClVuFLEZdDNbEs=
gopkg.in/check.v1 v0.0.0-20161208181325-20d25e280405 h1:yhCVgyC4o1eVCa2tZl7eS0r+SDo693bJlVdllGtEeKM=
gopkg.in/check.v1 v0.0.0-20161208181325-20d25e280405/go.mod h1:Co6ibVJAznAaIkqp8huTwlJQCZ016jof/cbN4VW5Yz0=
gopkg.in/yaml.v2 v2.2.2 h1:ZCJp+EgiOT7lHqUV2J862kp8Qj64Jo6az82+3Td9dZw=
gopkg.in/yaml.v2 v2.2.2/go.mod h1:hI93XBmqTisBFMUTm0b8Fm+jr3Dg1NNxqwp+5A1VGuI=
